
Microsoft Visual Studio Solution File, Format Version 12.00
# Visual Studio Version 17
VisualStudioVersion = 17.6.33712.159
MinimumVisualStudioVersion = 10.0.40219.1
Project("{FAE04EC0-301F-11D3-BF4B-00C04F79EFBC}") = "BackEnd", "BackEnd.csproj", "{BFEA7B48-8CC3-4CB7-98D1-69A1A421FCD8}"
EndProject
Global
	GlobalSection(SolutionConfigurationPlatforms) = preSolution
		Debug|Any CPU = Debug|Any CPU
		Release|Any CPU = Release|Any CPU
	EndGlobalSection
	GlobalSection(ProjectConfigurationPlatforms) = postSolution
		{BFEA7B48-8CC3-4CB7-98D1-69A1A421FCD8}.Debug|Any CPU.ActiveCfg = Debug|Any CPU
		{BFEA7B48-8CC3-4CB7-98D1-69A1A421FCD8}.Debug|Any CPU.Build.0 = Debug|Any CPU
		{BFEA7B48-8CC3-4CB7-98D1-69A1A421FCD8}.Release|Any CPU.ActiveCfg = Release|Any CPU
		{BFEA7B48-8CC3-4CB7-98D1-69A1A421FCD8}.Release|Any CPU.Build.0 = Release|Any CPU
	EndGlobalSection
	GlobalSection(SolutionProperties) = preSolution
		HideSolutionNode = FALSE
	EndGlobalSection
	GlobalSection(ExtensibilityGlobals) = postSolution
		SolutionGuid = {C4166473-535B-4061-AB46-E93FEB17F3CE}
	EndGlobalSection
EndGlobal
